// !$*UTF8*$!
{
	archiveVersion = 1;
	classes = {
	};
	objectVersion = 52;
	objects = {

/* Begin PBXBuildFile section */
		0F967D36272D93B30090D0E6 /* AppDelegate.swift in Sources */ = {isa = PBXBuildFile; fileRef = 0F967D35272D93B30090D0E6 /* AppDelegate.swift */; };
		0F967D38272D93B30090D0E6 /* SceneDelegate.swift in Sources */ = {isa = PBXBuildFile; fileRef = 0F967D37272D93B30090D0E6 /* SceneDelegate.swift */; };
		0F967D3A272D93B30090D0E6 /* GreetViewController.swift in Sources */ = {isa = PBXBuildFile; fileRef = 0F967D39272D93B30090D0E6 /* GreetViewController.swift */; };
		0F967D3F272D93B70090D0E6 /* Assets.xcassets in Resources */ = {isa = PBXBuildFile; fileRef = 0F967D3E272D93B70090D0E6 /* Assets.xcassets */; };
		0F967D42272D93B70090D0E6 /* LaunchScreen.storyboard in Resources */ = {isa = PBXBuildFile; fileRef = 0F967D40272D93B70090D0E6 /* LaunchScreen.storyboard */; };
		0F967D4C272D94520090D0E6 /* GreetingModel.swift in Sources */ = {isa = PBXBuildFile; fileRef = 0F967D4B272D94520090D0E6 /* GreetingModel.swift */; };
		0F967D4E272D95320090D0E6 /* GreetPresenter.swift in Sources */ = {isa = PBXBuildFile; fileRef = 0F967D4D272D95320090D0E6 /* GreetPresenter.swift */; };
		0F967D54272DA1250090D0E6 /* ModuleBuilder.swift in Sources */ = {isa = PBXBuildFile; fileRef = 0F967D53272DA1250090D0E6 /* ModuleBuilder.swift */; };
		0F967D5B272EABF00090D0E6 /* Exitensions.swift in Sources */ = {isa = PBXBuildFile; fileRef = 0F967D5A272EABF00090D0E6 /* Exitensions.swift */; };
		0F967D67272EB9590090D0E6 /* RegistrationView.swift in Sources */ = {isa = PBXBuildFile; fileRef = 0F967D66272EB9590090D0E6 /* RegistrationView.swift */; };
		0F967D69272EB9840090D0E6 /* RegistrationModel.swift in Sources */ = {isa = PBXBuildFile; fileRef = 0F967D68272EB9840090D0E6 /* RegistrationModel.swift */; };
		0F967D6B272EB9B30090D0E6 /* RegistrationPresenter.swift in Sources */ = {isa = PBXBuildFile; fileRef = 0F967D6A272EB9B30090D0E6 /* RegistrationPresenter.swift */; };
		0F967D6D272EBA000090D0E6 /* GreetingView.swift in Sources */ = {isa = PBXBuildFile; fileRef = 0F967D6C272EBA000090D0E6 /* GreetingView.swift */; };
		0F967D6F272EBA2B0090D0E6 /* LoginModel.swift in Sources */ = {isa = PBXBuildFile; fileRef = 0F967D6E272EBA2B0090D0E6 /* LoginModel.swift */; };
		0F967D71272EBA4C0090D0E6 /* CircleView.swift in Sources */ = {isa = PBXBuildFile; fileRef = 0F967D70272EBA4C0090D0E6 /* CircleView.swift */; };
		0F967D73272EBA600090D0E6 /* LoginPresenter.swift in Sources */ = {isa = PBXBuildFile; fileRef = 0F967D72272EBA600090D0E6 /* LoginPresenter.swift */; };
		0F967D76272EBE4D0090D0E6 /* EasyPeasy in Frameworks */ = {isa = PBXBuildFile; productRef = 0F967D75272EBE4D0090D0E6 /* EasyPeasy */; };
		0F967D78272EC58B0090D0E6 /* LoginViewController.swift in Sources */ = {isa = PBXBuildFile; fileRef = 0F967D77272EC58B0090D0E6 /* LoginViewController.swift */; };
		0F967D7A272EC8130090D0E6 /* RegistrationViewController.swift in Sources */ = {isa = PBXBuildFile; fileRef = 0F967D79272EC8130090D0E6 /* RegistrationViewController.swift */; };
		639B29FD272EEC8300C5FFBC /* CreateTaskViewController.swift in Sources */ = {isa = PBXBuildFile; fileRef = 639B29FC272EEC8300C5FFBC /* CreateTaskViewController.swift */; };
		639B29FF272EED8E00C5FFBC /* CreateTaskPresent.swift in Sources */ = {isa = PBXBuildFile; fileRef = 639B29FE272EED8E00C5FFBC /* CreateTaskPresent.swift */; };
		639B2A01272EF09E00C5FFBC /* UIButton.swift in Sources */ = {isa = PBXBuildFile; fileRef = 639B2A00272EF09E00C5FFBC /* UIButton.swift */; };
		639B2A0327388E5500C5FFBC /* UIText.swift in Sources */ = {isa = PBXBuildFile; fileRef = 639B2A0227388E5500C5FFBC /* UIText.swift */; };
		63D4E170273B503900F3DF70 /* Pods_itasker.framework in Frameworks */ = {isa = PBXBuildFile; fileRef = D692B4BD638DCA100F548B82 /* Pods_itasker.framework */; };
		63D4E171273B503900F3DF70 /* Pods_itasker.framework in Embed Frameworks */ = {isa = PBXBuildFile; fileRef = D692B4BD638DCA100F548B82 /* Pods_itasker.framework */; settings = {ATTRIBUTES = (CodeSignOnCopy, RemoveHeadersOnCopy, ); }; };
		BCB6FAE0274040FD00F659EA /* TasksListViewController.swift in Sources */ = {isa = PBXBuildFile; fileRef = BCB6FADF274040FD00F659EA /* TasksListViewController.swift */; };
		BCB6FAE2274042DF00F659EA /* TasksListPresent.swift in Sources */ = {isa = PBXBuildFile; fileRef = BCB6FAE1274042DF00F659EA /* TasksListPresent.swift */; };
		BCB6FAF427417A9E00F659EA /* UITableViewCell + Ext.swift in Sources */ = {isa = PBXBuildFile; fileRef = BCB6FAF227417A9E00F659EA /* UITableViewCell + Ext.swift */; };
		BCB6FAF527417A9E00F659EA /* UICollectionViewCell + Ext.swift in Sources */ = {isa = PBXBuildFile; fileRef = BCB6FAF327417A9E00F659EA /* UICollectionViewCell + Ext.swift */; };
		BCB6FAFC274181DB00F659EA /* TicketsViewController.swift in Sources */ = {isa = PBXBuildFile; fileRef = BCB6FAFA274181DB00F659EA /* TicketsViewController.swift */; };
		BCB6FAFD274181DB00F659EA /* TicketsViewController.xib in Resources */ = {isa = PBXBuildFile; fileRef = BCB6FAFB274181DB00F659EA /* TicketsViewController.xib */; };
		BCB6FB00274182B700F659EA /* TicketsViewCell.swift in Sources */ = {isa = PBXBuildFile; fileRef = BCB6FAFE274182B700F659EA /* TicketsViewCell.swift */; };
		BCB6FB01274182B700F659EA /* TicketsViewCell.xib in Resources */ = {isa = PBXBuildFile; fileRef = BCB6FAFF274182B700F659EA /* TicketsViewCell.xib */; };
		BCB6FB032741AD7200F659EA /* UIView + Ext.swift in Sources */ = {isa = PBXBuildFile; fileRef = BCB6FB022741AD7200F659EA /* UIView + Ext.swift */; };
/* End PBXBuildFile section */

/* Begin PBXContainerItemProxy section */
		63D4E16C273B503400F3DF70 /* PBXContainerItemProxy */ = {
			isa = PBXContainerItemProxy;
			containerPortal = 63D4E167273B503400F3DF70 /* Pods.xcodeproj */;
			proxyType = 2;
			remoteGlobalIDString = BC670FB7DDD0D048291D46F39D4DE442;
			remoteInfo = "Pods-itasker";
		};
		63D4E16E273B503400F3DF70 /* PBXContainerItemProxy */ = {
			isa = PBXContainerItemProxy;
			containerPortal = 63D4E167273B503400F3DF70 /* Pods.xcodeproj */;
			proxyType = 2;
			remoteGlobalIDString = F0C7FE88342E3772A8A133204A1E1910;
			remoteInfo = "UITextView+Placeholder";
		};
/* End PBXContainerItemProxy section */

/* Begin PBXCopyFilesBuildPhase section */
		63D4E172273B503900F3DF70 /* Embed Frameworks */ = {
			isa = PBXCopyFilesBuildPhase;
			buildActionMask = 2147483647;
			dstPath = "";
			dstSubfolderSpec = 10;
			files = (
				63D4E171273B503900F3DF70 /* Pods_itasker.framework in Embed Frameworks */,
			);
			name = "Embed Frameworks";
			runOnlyForDeploymentPostprocessing = 0;
		};
/* End PBXCopyFilesBuildPhase section */

/* Begin PBXFileReference section */
		0F967D32272D93B30090D0E6 /* itasker.app */ = {isa = PBXFileReference; explicitFileType = wrapper.application; includeInIndex = 0; path = itasker.app; sourceTree = BUILT_PRODUCTS_DIR; };
		0F967D35272D93B30090D0E6 /* AppDelegate.swift */ = {isa = PBXFileReference; lastKnownFileType = sourcecode.swift; path = AppDelegate.swift; sourceTree = "<group>"; };
		0F967D37272D93B30090D0E6 /* SceneDelegate.swift */ = {isa = PBXFileReference; lastKnownFileType = sourcecode.swift; path = SceneDelegate.swift; sourceTree = "<group>"; };
		0F967D39272D93B30090D0E6 /* GreetViewController.swift */ = {isa = PBXFileReference; lastKnownFileType = sourcecode.swift; path = GreetViewController.swift; sourceTree = "<group>"; };
		0F967D3E272D93B70090D0E6 /* Assets.xcassets */ = {isa = PBXFileReference; lastKnownFileType = folder.assetcatalog; path = Assets.xcassets; sourceTree = "<group>"; };
		0F967D41272D93B70090D0E6 /* Base */ = {isa = PBXFileReference; lastKnownFileType = file.storyboard; name = Base; path = Base.lproj/LaunchScreen.storyboard; sourceTree = "<group>"; };
		0F967D43272D93B70090D0E6 /* Info.plist */ = {isa = PBXFileReference; lastKnownFileType = text.plist.xml; path = Info.plist; sourceTree = "<group>"; };
		0F967D4B272D94520090D0E6 /* GreetingModel.swift */ = {isa = PBXFileReference; lastKnownFileType = sourcecode.swift; path = GreetingModel.swift; sourceTree = "<group>"; };
		0F967D4D272D95320090D0E6 /* GreetPresenter.swift */ = {isa = PBXFileReference; lastKnownFileType = sourcecode.swift; path = GreetPresenter.swift; sourceTree = "<group>"; };
		0F967D53272DA1250090D0E6 /* ModuleBuilder.swift */ = {isa = PBXFileReference; lastKnownFileType = sourcecode.swift; path = ModuleBuilder.swift; sourceTree = "<group>"; };
		0F967D5A272EABF00090D0E6 /* Exitensions.swift */ = {isa = PBXFileReference; lastKnownFileType = sourcecode.swift; path = Exitensions.swift; sourceTree = "<group>"; };
		0F967D66272EB9590090D0E6 /* RegistrationView.swift */ = {isa = PBXFileReference; lastKnownFileType = sourcecode.swift; path = RegistrationView.swift; sourceTree = "<group>"; };
		0F967D68272EB9840090D0E6 /* RegistrationModel.swift */ = {isa = PBXFileReference; lastKnownFileType = sourcecode.swift; path = RegistrationModel.swift; sourceTree = "<group>"; };
		0F967D6A272EB9B30090D0E6 /* RegistrationPresenter.swift */ = {isa = PBXFileReference; lastKnownFileType = sourcecode.swift; path = RegistrationPresenter.swift; sourceTree = "<group>"; };
		0F967D6C272EBA000090D0E6 /* GreetingView.swift */ = {isa = PBXFileReference; lastKnownFileType = sourcecode.swift; path = GreetingView.swift; sourceTree = "<group>"; };
		0F967D6E272EBA2B0090D0E6 /* LoginModel.swift */ = {isa = PBXFileReference; lastKnownFileType = sourcecode.swift; path = LoginModel.swift; sourceTree = "<group>"; };
		0F967D70272EBA4C0090D0E6 /* CircleView.swift */ = {isa = PBXFileReference; lastKnownFileType = sourcecode.swift; path = CircleView.swift; sourceTree = "<group>"; };
		0F967D72272EBA600090D0E6 /* LoginPresenter.swift */ = {isa = PBXFileReference; lastKnownFileType = sourcecode.swift; path = LoginPresenter.swift; sourceTree = "<group>"; };
		0F967D77272EC58B0090D0E6 /* LoginViewController.swift */ = {isa = PBXFileReference; lastKnownFileType = sourcecode.swift; path = LoginViewController.swift; sourceTree = "<group>"; };
		0F967D79272EC8130090D0E6 /* RegistrationViewController.swift */ = {isa = PBXFileReference; lastKnownFileType = sourcecode.swift; path = RegistrationViewController.swift; sourceTree = "<group>"; };
		4197A7C038308718A075F797 /* Pods-itasker.debug.xcconfig */ = {isa = PBXFileReference; includeInIndex = 1; lastKnownFileType = text.xcconfig; name = "Pods-itasker.debug.xcconfig"; path = "Target Support Files/Pods-itasker/Pods-itasker.debug.xcconfig"; sourceTree = "<group>"; };
		639B29FC272EEC8300C5FFBC /* CreateTaskViewController.swift */ = {isa = PBXFileReference; lastKnownFileType = sourcecode.swift; path = CreateTaskViewController.swift; sourceTree = "<group>"; };
		639B29FE272EED8E00C5FFBC /* CreateTaskPresent.swift */ = {isa = PBXFileReference; lastKnownFileType = sourcecode.swift; path = CreateTaskPresent.swift; sourceTree = "<group>"; };
		639B2A00272EF09E00C5FFBC /* UIButton.swift */ = {isa = PBXFileReference; lastKnownFileType = sourcecode.swift; name = UIButton.swift; path = ../../../../../ITasker/itasker/Scenes/CreateTask/View/UIButton.swift; sourceTree = "<group>"; };
		639B2A0227388E5500C5FFBC /* UIText.swift */ = {isa = PBXFileReference; lastKnownFileType = sourcecode.swift; name = UIText.swift; path = ../../../../../ITasker/itasker/Scenes/CreateTask/View/UIText.swift; sourceTree = "<group>"; };
		63D4E165273B4FE700F3DF70 /* Pods */ = {isa = PBXFileReference; lastKnownFileType = folder; path = Pods; sourceTree = "<group>"; };
		63D4E166273B4FF800F3DF70 /* UITextView+Placeholder */ = {isa = PBXFileReference; lastKnownFileType = folder; name = "UITextView+Placeholder"; path = "Pods/UITextView+Placeholder"; sourceTree = "<group>"; };
		63D4E167273B503400F3DF70 /* Pods.xcodeproj */ = {isa = PBXFileReference; lastKnownFileType = "wrapper.pb-project"; name = Pods.xcodeproj; path = Pods/Pods.xcodeproj; sourceTree = "<group>"; };
		BCB6FADF274040FD00F659EA /* TasksListViewController.swift */ = {isa = PBXFileReference; lastKnownFileType = sourcecode.swift; path = TasksListViewController.swift; sourceTree = "<group>"; };
		BCB6FAE1274042DF00F659EA /* TasksListPresent.swift */ = {isa = PBXFileReference; lastKnownFileType = sourcecode.swift; path = TasksListPresent.swift; sourceTree = "<group>"; };
		BCB6FAF227417A9E00F659EA /* UITableViewCell + Ext.swift */ = {isa = PBXFileReference; fileEncoding = 4; lastKnownFileType = sourcecode.swift; path = "UITableViewCell + Ext.swift"; sourceTree = "<group>"; };
		BCB6FAF327417A9E00F659EA /* UICollectionViewCell + Ext.swift */ = {isa = PBXFileReference; fileEncoding = 4; lastKnownFileType = sourcecode.swift; path = "UICollectionViewCell + Ext.swift"; sourceTree = "<group>"; };
		BCB6FAFA274181DB00F659EA /* TicketsViewController.swift */ = {isa = PBXFileReference; lastKnownFileType = sourcecode.swift; path = TicketsViewController.swift; sourceTree = "<group>"; };
		BCB6FAFB274181DB00F659EA /* TicketsViewController.xib */ = {isa = PBXFileReference; lastKnownFileType = file.xib; path = TicketsViewController.xib; sourceTree = "<group>"; };
		BCB6FAFE274182B700F659EA /* TicketsViewCell.swift */ = {isa = PBXFileReference; lastKnownFileType = sourcecode.swift; path = TicketsViewCell.swift; sourceTree = "<group>"; };
		BCB6FAFF274182B700F659EA /* TicketsViewCell.xib */ = {isa = PBXFileReference; lastKnownFileType = file.xib; path = TicketsViewCell.xib; sourceTree = "<group>"; };
		BCB6FB022741AD7200F659EA /* UIView + Ext.swift */ = {isa = PBXFileReference; lastKnownFileType = sourcecode.swift; path = "UIView + Ext.swift"; sourceTree = "<group>"; };
		D692B4BD638DCA100F548B82 /* Pods_itasker.framework */ = {isa = PBXFileReference; explicitFileType = wrapper.framework; includeInIndex = 0; path = Pods_itasker.framework; sourceTree = BUILT_PRODUCTS_DIR; };
		DC66BBC17C5169E289147C19 /* Pods-itasker.release.xcconfig */ = {isa = PBXFileReference; includeInIndex = 1; lastKnownFileType = text.xcconfig; name = "Pods-itasker.release.xcconfig"; path = "Target Support Files/Pods-itasker/Pods-itasker.release.xcconfig"; sourceTree = "<group>"; };
/* End PBXFileReference section */

/* Begin PBXFrameworksBuildPhase section */
		0F967D2F272D93B30090D0E6 /* Frameworks */ = {
			isa = PBXFrameworksBuildPhase;
			buildActionMask = 2147483647;
			files = (
				63D4E170273B503900F3DF70 /* Pods_itasker.framework in Frameworks */,
				0F967D76272EBE4D0090D0E6 /* EasyPeasy in Frameworks */,
			);
			runOnlyForDeploymentPostprocessing = 0;
		};
/* End PBXFrameworksBuildPhase section */

/* Begin PBXGroup section */
		0F967D29272D93B30090D0E6 = {
			isa = PBXGroup;
			children = (
				0F967D34272D93B30090D0E6 /* itasker */,
				0F967D33272D93B30090D0E6 /* Products */,
				ABBF8C443DC224BED88EB42C /* Pods */,
				E029433174A02055ADC11B1C /* Frameworks */,
			);
			sourceTree = "<group>";
		};
		0F967D33272D93B30090D0E6 /* Products */ = {
			isa = PBXGroup;
			children = (
				0F967D32272D93B30090D0E6 /* itasker.app */,
			);
			name = Products;
			sourceTree = "<group>";
		};
		0F967D34272D93B30090D0E6 /* itasker */ = {
			isa = PBXGroup;
			children = (
				0F967D58272EAB370090D0E6 /* Scenes */,
				0F967D55272EAA310090D0E6 /* Resourses */,
				0F967D53272DA1250090D0E6 /* ModuleBuilder.swift */,
				0F967D43272D93B70090D0E6 /* Info.plist */,
			);
			path = itasker;
			sourceTree = "<group>";
		};
		0F967D4F272D9E520090D0E6 /* GreetingScreen */ = {
			isa = PBXGroup;
			children = (
				0F967D50272D9E850090D0E6 /* Model */,
				0F967D51272D9E910090D0E6 /* View */,
				0F967D52272D9E9A0090D0E6 /* Presenter */,
			);
			path = GreetingScreen;
			sourceTree = "<group>";
		};
		0F967D50272D9E850090D0E6 /* Model */ = {
			isa = PBXGroup;
			children = (
				0F967D4B272D94520090D0E6 /* GreetingModel.swift */,
			);
			path = Model;
			sourceTree = "<group>";
		};
		0F967D51272D9E910090D0E6 /* View */ = {
			isa = PBXGroup;
			children = (
				0F967D39272D93B30090D0E6 /* GreetViewController.swift */,
				0F967D6C272EBA000090D0E6 /* GreetingView.swift */,
			);
			path = View;
			sourceTree = "<group>";
		};
		0F967D52272D9E9A0090D0E6 /* Presenter */ = {
			isa = PBXGroup;
			children = (
				0F967D4D272D95320090D0E6 /* GreetPresenter.swift */,
			);
			path = Presenter;
			sourceTree = "<group>";
		};
		0F967D55272EAA310090D0E6 /* Resourses */ = {
			isa = PBXGroup;
			children = (
				0F967D59272EABB40090D0E6 /* Extensions */,
				0F967D57272EAAFC0090D0E6 /* System */,
			);
			path = Resourses;
			sourceTree = "<group>";
		};
		0F967D57272EAAFC0090D0E6 /* System */ = {
			isa = PBXGroup;
			children = (
				0F967D35272D93B30090D0E6 /* AppDelegate.swift */,
				0F967D37272D93B30090D0E6 /* SceneDelegate.swift */,
				0F967D3E272D93B70090D0E6 /* Assets.xcassets */,
				0F967D40272D93B70090D0E6 /* LaunchScreen.storyboard */,
			);
			path = System;
			sourceTree = "<group>";
		};
		0F967D58272EAB370090D0E6 /* Scenes */ = {
			isa = PBXGroup;
			children = (
				BCB6FAE327412E1E00F659EA /* Ticket */,
				BCB6FADB2740407100F659EA /* TasksList */,
				639B29F8272EE79700C5FFBC /* CreateTask */,
				0F967D5F272EB8C10090D0E6 /* LoginScreen */,
				0F967D5E272EB8830090D0E6 /* RegistrationScreen */,
				0F967D4F272D9E520090D0E6 /* GreetingScreen */,
			);
			path = Scenes;
			sourceTree = "<group>";
		};
		0F967D59272EABB40090D0E6 /* Extensions */ = {
			isa = PBXGroup;
			children = (
				BCB6FAF327417A9E00F659EA /* UICollectionViewCell + Ext.swift */,
				BCB6FAF227417A9E00F659EA /* UITableViewCell + Ext.swift */,
				0F967D5A272EABF00090D0E6 /* Exitensions.swift */,
				BCB6FB022741AD7200F659EA /* UIView + Ext.swift */,
			);
			path = Extensions;
			sourceTree = "<group>";
		};
		0F967D5E272EB8830090D0E6 /* RegistrationScreen */ = {
			isa = PBXGroup;
			children = (
				0F967D62272EB8D50090D0E6 /* Model */,
				0F967D61272EB8D30090D0E6 /* View */,
				0F967D60272EB8D20090D0E6 /* Presenter */,
			);
			path = RegistrationScreen;
			sourceTree = "<group>";
		};
		0F967D5F272EB8C10090D0E6 /* LoginScreen */ = {
			isa = PBXGroup;
			children = (
				0F967D63272EB8F60090D0E6 /* Model */,
				0F967D64272EB8FE0090D0E6 /* View */,
				0F967D65272EB9060090D0E6 /* Presenter */,
			);
			path = LoginScreen;
			sourceTree = "<group>";
		};
		0F967D60272EB8D20090D0E6 /* Presenter */ = {
			isa = PBXGroup;
			children = (
				0F967D6A272EB9B30090D0E6 /* RegistrationPresenter.swift */,
			);
			path = Presenter;
			sourceTree = "<group>";
		};
		0F967D61272EB8D30090D0E6 /* View */ = {
			isa = PBXGroup;
			children = (
				0F967D66272EB9590090D0E6 /* RegistrationView.swift */,
				0F967D79272EC8130090D0E6 /* RegistrationViewController.swift */,
			);
			path = View;
			sourceTree = "<group>";
		};
		0F967D62272EB8D50090D0E6 /* Model */ = {
			isa = PBXGroup;
			children = (
				0F967D68272EB9840090D0E6 /* RegistrationModel.swift */,
			);
			path = Model;
			sourceTree = "<group>";
		};
		0F967D63272EB8F60090D0E6 /* Model */ = {
			isa = PBXGroup;
			children = (
				0F967D6E272EBA2B0090D0E6 /* LoginModel.swift */,
			);
			path = Model;
			sourceTree = "<group>";
		};
		0F967D64272EB8FE0090D0E6 /* View */ = {
			isa = PBXGroup;
			children = (
				0F967D70272EBA4C0090D0E6 /* CircleView.swift */,
				0F967D77272EC58B0090D0E6 /* LoginViewController.swift */,
			);
			path = View;
			sourceTree = "<group>";
		};
		0F967D65272EB9060090D0E6 /* Presenter */ = {
			isa = PBXGroup;
			children = (
				0F967D72272EBA600090D0E6 /* LoginPresenter.swift */,
			);
			path = Presenter;
			sourceTree = "<group>";
		};
		639B29F8272EE79700C5FFBC /* CreateTask */ = {
			isa = PBXGroup;
			children = (
				639B29FA272EE82000C5FFBC /* View */,
				639B29FB272EE82A00C5FFBC /* Present */,
				639B29F9272EE81900C5FFBC /* Model */,
			);
			path = CreateTask;
			sourceTree = "<group>";
		};
		639B29F9272EE81900C5FFBC /* Model */ = {
			isa = PBXGroup;
			children = (
			);
			path = Model;
			sourceTree = "<group>";
		};
		639B29FA272EE82000C5FFBC /* View */ = {
			isa = PBXGroup;
			children = (
				639B29FC272EEC8300C5FFBC /* CreateTaskViewController.swift */,
				639B2A00272EF09E00C5FFBC /* UIButton.swift */,
				639B2A0227388E5500C5FFBC /* UIText.swift */,
			);
			path = View;
			sourceTree = "<group>";
		};
		639B29FB272EE82A00C5FFBC /* Present */ = {
			isa = PBXGroup;
			children = (
				639B29FE272EED8E00C5FFBC /* CreateTaskPresent.swift */,
			);
			path = Present;
			sourceTree = "<group>";
		};
		63D4E168273B503400F3DF70 /* Products */ = {
			isa = PBXGroup;
			children = (
				63D4E16D273B503400F3DF70 /* Pods-itasker */,
				63D4E16F273B503400F3DF70 /* UITextView+Placeholder */,
			);
			name = Products;
			sourceTree = "<group>";
		};
		ABBF8C443DC224BED88EB42C /* Pods */ = {
			isa = PBXGroup;
			children = (
				4197A7C038308718A075F797 /* Pods-itasker.debug.xcconfig */,
				DC66BBC17C5169E289147C19 /* Pods-itasker.release.xcconfig */,
			);
			path = Pods;
			sourceTree = "<group>";
		};
		BCB6FADB2740407100F659EA /* TasksList */ = {
			isa = PBXGroup;
			children = (
				BCB6FADE2740409E00F659EA /* Present */,
				BCB6FADD2740408D00F659EA /* Model */,
				BCB6FADC2740408400F659EA /* View */,
			);
			path = TasksList;
			sourceTree = "<group>";
		};
		BCB6FADC2740408400F659EA /* View */ = {
			isa = PBXGroup;
			children = (
				BCB6FADF274040FD00F659EA /* TasksListViewController.swift */,
			);
			path = View;
			sourceTree = "<group>";
		};
		BCB6FADD2740408D00F659EA /* Model */ = {
			isa = PBXGroup;
			children = (
			);
			path = Model;
			sourceTree = "<group>";
		};
		BCB6FADE2740409E00F659EA /* Present */ = {
			isa = PBXGroup;
			children = (
				BCB6FAE1274042DF00F659EA /* TasksListPresent.swift */,
			);
			path = Present;
			sourceTree = "<group>";
		};
		BCB6FAE327412E1E00F659EA /* Ticket */ = {
			isa = PBXGroup;
			children = (
				BCB6FAFA274181DB00F659EA /* TicketsViewController.swift */,
				BCB6FAFB274181DB00F659EA /* TicketsViewController.xib */,
				BCB6FAFE274182B700F659EA /* TicketsViewCell.swift */,
				BCB6FAFF274182B700F659EA /* TicketsViewCell.xib */,
			);
			path = Ticket;
			sourceTree = "<group>";
		};
		E029433174A02055ADC11B1C /* Frameworks */ = {
			isa = PBXGroup;
			children = (
				63D4E167273B503400F3DF70 /* Pods.xcodeproj */,
				63D4E166273B4FF800F3DF70 /* UITextView+Placeholder */,
				63D4E165273B4FE700F3DF70 /* Pods */,
				D692B4BD638DCA100F548B82 /* Pods_itasker.framework */,
			);
			name = Frameworks;
			sourceTree = "<group>";
		};
/* End PBXGroup section */

/* Begin PBXNativeTarget section */
		0F967D31272D93B30090D0E6 /* itasker */ = {
			isa = PBXNativeTarget;
			buildConfigurationList = 0F967D46272D93B70090D0E6 /* Build configuration list for PBXNativeTarget "itasker" */;
			buildPhases = (
				C5560691D4D9E9A0FFE36BB2 /* [CP] Check Pods Manifest.lock */,
				0F967D2E272D93B30090D0E6 /* Sources */,
				0F967D2F272D93B30090D0E6 /* Frameworks */,
				0F967D30272D93B30090D0E6 /* Resources */,
				53E479655D62E75F01BDAD4B /* [CP] Embed Pods Frameworks */,
				63D4E172273B503900F3DF70 /* Embed Frameworks */,
			);
			buildRules = (
			);
			dependencies = (
			);
			name = itasker;
			packageProductDependencies = (
				0F967D75272EBE4D0090D0E6 /* EasyPeasy */,
			);
			productName = "itasker(registration)";
			productReference = 0F967D32272D93B30090D0E6 /* itasker.app */;
			productType = "com.apple.product-type.application";
		};
/* End PBXNativeTarget section */

/* Begin PBXProject section */
		0F967D2A272D93B30090D0E6 /* Project object */ = {
			isa = PBXProject;
			attributes = {
				LastSwiftUpdateCheck = 1250;
				LastUpgradeCheck = 1250;
				TargetAttributes = {
					0F967D31272D93B30090D0E6 = {
						CreatedOnToolsVersion = 12.5.1;
					};
				};
			};
			buildConfigurationList = 0F967D2D272D93B30090D0E6 /* Build configuration list for PBXProject "itasker" */;
			compatibilityVersion = "Xcode 9.3";
			developmentRegion = en;
			hasScannedForEncodings = 0;
			knownRegions = (
				en,
				Base,
			);
			mainGroup = 0F967D29272D93B30090D0E6;
			packageReferences = (
				0F967D74272EBE4D0090D0E6 /* XCRemoteSwiftPackageReference "EasyPeasy" */,
			);
			productRefGroup = 0F967D33272D93B30090D0E6 /* Products */;
			projectDirPath = "";
			projectReferences = (
				{
					ProductGroup = 63D4E168273B503400F3DF70 /* Products */;
					ProjectRef = 63D4E167273B503400F3DF70 /* Pods.xcodeproj */;
				},
			);
			projectRoot = "";
			targets = (
				0F967D31272D93B30090D0E6 /* itasker */,
			);
		};
/* End PBXProject section */

/* Begin PBXReferenceProxy section */
		63D4E16D273B503400F3DF70 /* Pods-itasker */ = {
			isa = PBXReferenceProxy;
			fileType = wrapper.framework;
			name = "Pods-itasker";
			path = Pods_itasker.framework;
			remoteRef = 63D4E16C273B503400F3DF70 /* PBXContainerItemProxy */;
			sourceTree = BUILT_PRODUCTS_DIR;
		};
		63D4E16F273B503400F3DF70 /* UITextView+Placeholder */ = {
			isa = PBXReferenceProxy;
			fileType = wrapper.framework;
			name = "UITextView+Placeholder";
			path = UITextView_Placeholder.framework;
			remoteRef = 63D4E16E273B503400F3DF70 /* PBXContainerItemProxy */;
			sourceTree = BUILT_PRODUCTS_DIR;
		};
/* End PBXReferenceProxy section */

/* Begin PBXResourcesBuildPhase section */
		0F967D30272D93B30090D0E6 /* Resources */ = {
			isa = PBXResourcesBuildPhase;
			buildActionMask = 2147483647;
			files = (
				0F967D42272D93B70090D0E6 /* LaunchScreen.storyboard in Resources */,
				BCB6FAFD274181DB00F659EA /* TicketsViewController.xib in Resources */,
				BCB6FB01274182B700F659EA /* TicketsViewCell.xib in Resources */,
				0F967D3F272D93B70090D0E6 /* Assets.xcassets in Resources */,
			);
			runOnlyForDeploymentPostprocessing = 0;
		};
/* End PBXResourcesBuildPhase section */

/* Begin PBXShellScriptBuildPhase section */
		53E479655D62E75F01BDAD4B /* [CP] Embed Pods Frameworks */ = {
			isa = PBXShellScriptBuildPhase;
			buildActionMask = 2147483647;
			files = (
			);
			inputFileListPaths = (
				"${PODS_ROOT}/Target Support Files/Pods-itasker/Pods-itasker-frameworks-${CONFIGURATION}-input-files.xcfilelist",
			);
			name = "[CP] Embed Pods Frameworks";
			outputFileListPaths = (
				"${PODS_ROOT}/Target Support Files/Pods-itasker/Pods-itasker-frameworks-${CONFIGURATION}-output-files.xcfilelist",
			);
			runOnlyForDeploymentPostprocessing = 0;
			shellPath = /bin/sh;
			shellScript = "\"${PODS_ROOT}/Target Support Files/Pods-itasker/Pods-itasker-frameworks.sh\"\n";
			showEnvVarsInLog = 0;
		};
		C5560691D4D9E9A0FFE36BB2 /* [CP] Check Pods Manifest.lock */ = {
			isa = PBXShellScriptBuildPhase;
			buildActionMask = 2147483647;
			files = (
			);
			inputFileListPaths = (
			);
			inputPaths = (
				"${PODS_PODFILE_DIR_PATH}/Podfile.lock",
				"${PODS_ROOT}/Manifest.lock",
			);
			name = "[CP] Check Pods Manifest.lock";
			outputFileListPaths = (
			);
			outputPaths = (
				"$(DERIVED_FILE_DIR)/Pods-itasker-checkManifestLockResult.txt",
			);
			runOnlyForDeploymentPostprocessing = 0;
			shellPath = /bin/sh;
			shellScript = "diff \"${PODS_PODFILE_DIR_PATH}/Podfile.lock\" \"${PODS_ROOT}/Manifest.lock\" > /dev/null\nif [ $? != 0 ] ; then\n    # print error to STDERR\n    echo \"error: The sandbox is not in sync with the Podfile.lock. Run 'pod install' or update your CocoaPods installation.\" >&2\n    exit 1\nfi\n# This output is used by Xcode 'outputs' to avoid re-running this script phase.\necho \"SUCCESS\" > \"${SCRIPT_OUTPUT_FILE_0}\"\n";
			showEnvVarsInLog = 0;
		};
/* End PBXShellScriptBuildPhase section */

/* Begin PBXSourcesBuildPhase section */
		0F967D2E272D93B30090D0E6 /* Sources */ = {
			isa = PBXSourcesBuildPhase;
			buildActionMask = 2147483647;
			files = (
				BCB6FAF427417A9E00F659EA /* UITableViewCell + Ext.swift in Sources */,
				0F967D3A272D93B30090D0E6 /* GreetViewController.swift in Sources */,
				0F967D6F272EBA2B0090D0E6 /* LoginModel.swift in Sources */,
				0F967D73272EBA600090D0E6 /* LoginPresenter.swift in Sources */,
				0F967D78272EC58B0090D0E6 /* LoginViewController.swift in Sources */,
				639B29FD272EEC8300C5FFBC /* CreateTaskViewController.swift in Sources */,
				0F967D6B272EB9B30090D0E6 /* RegistrationPresenter.swift in Sources */,
				639B2A01272EF09E00C5FFBC /* UIButton.swift in Sources */,
				0F967D6D272EBA000090D0E6 /* GreetingView.swift in Sources */,
				0F967D36272D93B30090D0E6 /* AppDelegate.swift in Sources */,
				BCB6FAFC274181DB00F659EA /* TicketsViewController.swift in Sources */,
				BCB6FB032741AD7200F659EA /* UIView + Ext.swift in Sources */,
				0F967D5B272EABF00090D0E6 /* Exitensions.swift in Sources */,
				0F967D4C272D94520090D0E6 /* GreetingModel.swift in Sources */,
				0F967D38272D93B30090D0E6 /* SceneDelegate.swift in Sources */,
				BCB6FAE2274042DF00F659EA /* TasksListPresent.swift in Sources */,
				0F967D7A272EC8130090D0E6 /* RegistrationViewController.swift in Sources */,
				BCB6FAF527417A9E00F659EA /* UICollectionViewCell + Ext.swift in Sources */,
				639B29FF272EED8E00C5FFBC /* CreateTaskPresent.swift in Sources */,
				639B2A0327388E5500C5FFBC /* UIText.swift in Sources */,
				0F967D4E272D95320090D0E6 /* GreetPresenter.swift in Sources */,
				BCB6FAE0274040FD00F659EA /* TasksListViewController.swift in Sources */,
				BCB6FB00274182B700F659EA /* TicketsViewCell.swift in Sources */,
				0F967D54272DA1250090D0E6 /* ModuleBuilder.swift in Sources */,
				0F967D71272EBA4C0090D0E6 /* CircleView.swift in Sources */,
				0F967D67272EB9590090D0E6 /* RegistrationView.swift in Sources */,
				0F967D69272EB9840090D0E6 /* RegistrationModel.swift in Sources */,
			);
			runOnlyForDeploymentPostprocessing = 0;
		};
/* End PBXSourcesBuildPhase section */

/* Begin PBXVariantGroup section */
		0F967D40272D93B70090D0E6 /* LaunchScreen.storyboard */ = {
			isa = PBXVariantGroup;
			children = (
				0F967D41272D93B70090D0E6 /* Base */,
			);
			name = LaunchScreen.storyboard;
			sourceTree = "<group>";
		};
/* End PBXVariantGroup section */

/* Begin XCBuildConfiguration section */
		0F967D44272D93B70090D0E6 /* Debug */ = {
			isa = XCBuildConfiguration;
			buildSettings = {
				ALWAYS_SEARCH_USER_PATHS = NO;
				CLANG_ANALYZER_NONNULL = YES;
				CLANG_ANALYZER_NUMBER_OBJECT_CONVERSION = YES_AGGRESSIVE;
				CLANG_CXX_LANGUAGE_STANDARD = "gnu++14";
				CLANG_CXX_LIBRARY = "libc++";
				CLANG_ENABLE_MODULES = YES;
				CLANG_ENABLE_OBJC_ARC = YES;
				CLANG_ENABLE_OBJC_WEAK = YES;
				CLANG_WARN_BLOCK_CAPTURE_AUTORELEASING = YES;
				CLANG_WARN_BOOL_CONVERSION = YES;
				CLANG_WARN_COMMA = YES;
				CLANG_WARN_CONSTANT_CONVERSION = YES;
				CLANG_WARN_DEPRECATED_OBJC_IMPLEMENTATIONS = YES;
				CLANG_WARN_DIRECT_OBJC_ISA_USAGE = YES_ERROR;
				CLANG_WARN_DOCUMENTATION_COMMENTS = YES;
				CLANG_WARN_EMPTY_BODY = YES;
				CLANG_WARN_ENUM_CONVERSION = YES;
				CLANG_WARN_INFINITE_RECURSION = YES;
				CLANG_WARN_INT_CONVERSION = YES;
				CLANG_WARN_NON_LITERAL_NULL_CONVERSION = YES;
				CLANG_WARN_OBJC_IMPLICIT_RETAIN_SELF = YES;
				CLANG_WARN_OBJC_LITERAL_CONVERSION = YES;
				CLANG_WARN_OBJC_ROOT_CLASS = YES_ERROR;
				CLANG_WARN_QUOTED_INCLUDE_IN_FRAMEWORK_HEADER = YES;
				CLANG_WARN_RANGE_LOOP_ANALYSIS = YES;
				CLANG_WARN_STRICT_PROTOTYPES = YES;
				CLANG_WARN_SUSPICIOUS_MOVE = YES;
				CLANG_WARN_UNGUARDED_AVAILABILITY = YES_AGGRESSIVE;
				CLANG_WARN_UNREACHABLE_CODE = YES;
				CLANG_WARN__DUPLICATE_METHOD_MATCH = YES;
				COPY_PHASE_STRIP = NO;
				DEBUG_INFORMATION_FORMAT = dwarf;
				ENABLE_STRICT_OBJC_MSGSEND = YES;
				ENABLE_TESTABILITY = YES;
				GCC_C_LANGUAGE_STANDARD = gnu11;
				GCC_DYNAMIC_NO_PIC = NO;
				GCC_NO_COMMON_BLOCKS = YES;
				GCC_OPTIMIZATION_LEVEL = 0;
				GCC_PREPROCESSOR_DEFINITIONS = (
					"DEBUG=1",
					"$(inherited)",
				);
				GCC_WARN_64_TO_32_BIT_CONVERSION = YES;
				GCC_WARN_ABOUT_RETURN_TYPE = YES_ERROR;
				GCC_WARN_UNDECLARED_SELECTOR = YES;
				GCC_WARN_UNINITIALIZED_AUTOS = YES_AGGRESSIVE;
				GCC_WARN_UNUSED_FUNCTION = YES;
				GCC_WARN_UNUSED_VARIABLE = YES;
				IPHONEOS_DEPLOYMENT_TARGET = 14.5;
				MTL_ENABLE_DEBUG_INFO = INCLUDE_SOURCE;
				MTL_FAST_MATH = YES;
				ONLY_ACTIVE_ARCH = YES;
				SDKROOT = iphoneos;
				SWIFT_ACTIVE_COMPILATION_CONDITIONS = DEBUG;
				SWIFT_OPTIMIZATION_LEVEL = "-Onone";
			};
			name = Debug;
		};
		0F967D45272D93B70090D0E6 /* Release */ = {
			isa = XCBuildConfiguration;
			buildSettings = {
				ALWAYS_SEARCH_USER_PATHS = NO;
				CLANG_ANALYZER_NONNULL = YES;
				CLANG_ANALYZER_NUMBER_OBJECT_CONVERSION = YES_AGGRESSIVE;
				CLANG_CXX_LANGUAGE_STANDARD = "gnu++14";
				CLANG_CXX_LIBRARY = "libc++";
				CLANG_ENABLE_MODULES = YES;
				CLANG_ENABLE_OBJC_ARC = YES;
				CLANG_ENABLE_OBJC_WEAK = YES;
				CLANG_WARN_BLOCK_CAPTURE_AUTORELEASING = YES;
				CLANG_WARN_BOOL_CONVERSION = YES;
				CLANG_WARN_COMMA = YES;
				CLANG_WARN_CONSTANT_CONVERSION = YES;
				CLANG_WARN_DEPRECATED_OBJC_IMPLEMENTATIONS = YES;
				CLANG_WARN_DIRECT_OBJC_ISA_USAGE = YES_ERROR;
				CLANG_WARN_DOCUMENTATION_COMMENTS = YES;
				CLANG_WARN_EMPTY_BODY = YES;
				CLANG_WARN_ENUM_CONVERSION = YES;
				CLANG_WARN_INFINITE_RECURSION = YES;
				CLANG_WARN_INT_CONVERSION = YES;
				CLANG_WARN_NON_LITERAL_NULL_CONVERSION = YES;
				CLANG_WARN_OBJC_IMPLICIT_RETAIN_SELF = YES;
				CLANG_WARN_OBJC_LITERAL_CONVERSION = YES;
				CLANG_WARN_OBJC_ROOT_CLASS = YES_ERROR;
				CLANG_WARN_QUOTED_INCLUDE_IN_FRAMEWORK_HEADER = YES;
				CLANG_WARN_RANGE_LOOP_ANALYSIS = YES;
				CLANG_WARN_STRICT_PROTOTYPES = YES;
				CLANG_WARN_SUSPICIOUS_MOVE = YES;
				CLANG_WARN_UNGUARDED_AVAILABILITY = YES_AGGRESSIVE;
				CLANG_WARN_UNREACHABLE_CODE = YES;
				CLANG_WARN__DUPLICATE_METHOD_MATCH = YES;
				COPY_PHASE_STRIP = NO;
				DEBUG_INFORMATION_FORMAT = "dwarf-with-dsym";
				ENABLE_NS_ASSERTIONS = NO;
				ENABLE_STRICT_OBJC_MSGSEND = YES;
				GCC_C_LANGUAGE_STANDARD = gnu11;
				GCC_NO_COMMON_BLOCKS = YES;
				GCC_WARN_64_TO_32_BIT_CONVERSION = YES;
				GCC_WARN_ABOUT_RETURN_TYPE = YES_ERROR;
				GCC_WARN_UNDECLARED_SELECTOR = YES;
				GCC_WARN_UNINITIALIZED_AUTOS = YES_AGGRESSIVE;
				GCC_WARN_UNUSED_FUNCTION = YES;
				GCC_WARN_UNUSED_VARIABLE = YES;
				IPHONEOS_DEPLOYMENT_TARGET = 14.5;
				MTL_ENABLE_DEBUG_INFO = NO;
				MTL_FAST_MATH = YES;
				SDKROOT = iphoneos;
				SWIFT_COMPILATION_MODE = wholemodule;
				SWIFT_OPTIMIZATION_LEVEL = "-O";
				VALIDATE_PRODUCT = YES;
			};
			name = Release;
		};
		0F967D47272D93B70090D0E6 /* Debug */ = {
			isa = XCBuildConfiguration;
			baseConfigurationReference = 4197A7C038308718A075F797 /* Pods-itasker.debug.xcconfig */;
			buildSettings = {
				ASSETCATALOG_COMPILER_APPICON_NAME = AppIcon;
				ASSETCATALOG_COMPILER_GLOBAL_ACCENT_COLOR_NAME = AccentColor;
				CODE_SIGN_STYLE = Automatic;
				DEVELOPMENT_TEAM = 4A8R484TGN;
				INFOPLIST_FILE = itasker/Info.plist;
				IPHONEOS_DEPLOYMENT_TARGET = 15.0;
				LD_RUNPATH_SEARCH_PATHS = (
					"$(inherited)",
					"@executable_path/Frameworks",
				);
				PRODUCT_BUNDLE_IDENTIFIER = "Saturday.itasker-registration-";
				PRODUCT_NAME = "$(TARGET_NAME)";
				SWIFT_VERSION = 5.0;
				TARGETED_DEVICE_FAMILY = "1,2";
			};
			name = Debug;
		};
		0F967D48272D93B70090D0E6 /* Release */ = {
			isa = XCBuildConfiguration;
			baseConfigurationReference = DC66BBC17C5169E289147C19 /* Pods-itasker.release.xcconfig */;
			buildSettings = {
				ASSETCATALOG_COMPILER_APPICON_NAME = AppIcon;
				ASSETCATALOG_COMPILER_GLOBAL_ACCENT_COLOR_NAME = AccentColor;
				CODE_SIGN_STYLE = Automatic;
				DEVELOPMENT_TEAM = 4A8R484TGN;
				INFOPLIST_FILE = itasker/Info.plist;
				IPHONEOS_DEPLOYMENT_TARGET = 15.0;
				LD_RUNPATH_SEARCH_PATHS = (
					"$(inherited)",
					"@executable_path/Frameworks",
				);
				PRODUCT_BUNDLE_IDENTIFIER = "Saturday.itasker-registration-";
				PRODUCT_NAME = "$(TARGET_NAME)";
				SWIFT_VERSION = 5.0;
				TARGETED_DEVICE_FAMILY = "1,2";
			};
			name = Release;
		};
/* End XCBuildConfiguration section */

/* Begin XCConfigurationList section */
		0F967D2D272D93B30090D0E6 /* Build configuration list for PBXProject "itasker" */ = {
			isa = XCConfigurationList;
			buildConfigurations = (
				0F967D44272D93B70090D0E6 /* Debug */,
				0F967D45272D93B70090D0E6 /* Release */,
			);
			defaultConfigurationIsVisible = 0;
			defaultConfigurationName = Release;
		};
		0F967D46272D93B70090D0E6 /* Build configuration list for PBXNativeTarget "itasker" */ = {
			isa = XCConfigurationList;
			buildConfigurations = (
				0F967D47272D93B70090D0E6 /* Debug */,
				0F967D48272D93B70090D0E6 /* Release */,
			);
			defaultConfigurationIsVisible = 0;
			defaultConfigurationName = Release;
		};
/* End XCConfigurationList section */

/* Begin XCRemoteSwiftPackageReference section */
		0F967D74272EBE4D0090D0E6 /* XCRemoteSwiftPackageReference "EasyPeasy" */ = {
			isa = XCRemoteSwiftPackageReference;
			repositoryURL = "https://github.com/nakiostudio/EasyPeasy.git";
			requirement = {
				kind = upToNextMajorVersion;
				minimumVersion = 1.10.0;
			};
		};
/* End XCRemoteSwiftPackageReference section */

/* Begin XCSwiftPackageProductDependency section */
		0F967D75272EBE4D0090D0E6 /* EasyPeasy */ = {
			isa = XCSwiftPackageProductDependency;
			package = 0F967D74272EBE4D0090D0E6 /* XCRemoteSwiftPackageReference "EasyPeasy" */;
			productName = EasyPeasy;
		};
/* End XCSwiftPackageProductDependency section */
	};
	rootObject = 0F967D2A272D93B30090D0E6 /* Project object */;
}
